
Microsoft Visual Studio Solution File, Format Version 12.00
# Visual Studio Version 17
VisualStudioVersion = 17.9.34616.47
MinimumVisualStudioVersion = 10.0.40219.1
Project("{FAE04EC0-301F-11D3-BF4B-00C04F79EFBC}") = "TasksAPI", "TasksAPI.csproj", "{D326F28B-5C65-4164-AE58-D1732EB6B997}"
EndProject
Global
	GlobalSection(SolutionConfigurationPlatforms) = preSolution
		Debug|Any CPU = Debug|Any CPU
		Release|Any CPU = Release|Any CPU
	EndGlobalSection
	GlobalSection(ProjectConfigurationPlatforms) = postSolution
		{D326F28B-5C65-4164-AE58-D1732EB6B997}.Debug|Any CPU.ActiveCfg = Debug|Any CPU
		{D326F28B-5C65-4164-AE58-D1732EB6B997}.Debug|Any CPU.Build.0 = Debug|Any CPU
		{D326F28B-5C65-4164-AE58-D1732EB6B997}.Release|Any CPU.ActiveCfg = Release|Any CPU
		{D326F28B-5C65-4164-AE58-D1732EB6B997}.Release|Any CPU.Build.0 = Release|Any CPU
	EndGlobalSection
	GlobalSection(SolutionProperties) = preSolution
		HideSolutionNode = FALSE
	EndGlobalSection
	GlobalSection(ExtensibilityGlobals) = postSolution
		SolutionGuid = {DBA9D951-F541-4317-8D51-1270DADE1E9D}
	EndGlobalSection
EndGlobal
